
Microsoft Visual Studio Solution File, Format Version 12.00
# Visual Studio 15
VisualStudioVersion = 15.0.28307.572
MinimumVisualStudioVersion = 10.0.40219.1
Project("{FAE04EC0-301F-11D3-BF4B-00C04F79EFBC}") = "PhoneStation", "PhoneStation\PhoneStation.csproj", "{B3F8A0F0-9C25-44B0-97D5-D725F5600037}"
EndProject
Global
	GlobalSection(SolutionConfigurationPlatforms) = preSolution
		Debug|Any CPU = Debug|Any CPU
		Release|Any CPU = Release|Any CPU
	EndGlobalSection
	GlobalSection(ProjectConfigurationPlatforms) = postSolution
		{B3F8A0F0-9C25-44B0-97D5-D725F5600037}.Debug|Any CPU.ActiveCfg = Debug|Any CPU
		{B3F8A0F0-9C25-44B0-97D5-D725F5600037}.Debug|Any CPU.Build.0 = Debug|Any CPU
		{B3F8A0F0-9C25-44B0-97D5-D725F5600037}.Release|Any CPU.ActiveCfg = Release|Any CPU
		{B3F8A0F0-9C25-44B0-97D5-D725F5600037}.Release|Any CPU.Build.0 = Release|Any CPU
	EndGlobalSection
	GlobalSection(SolutionProperties) = preSolution
		HideSolutionNode = FALSE
	EndGlobalSection
	GlobalSection(ExtensibilityGlobals) = postSolution
		SolutionGuid = {BC3CE178-D1D2-4089-B853-5F349944FB3F}
	EndGlobalSection
EndGlobal
